// !$*UTF8*$!
{
	archiveVersion = 1;
	classes = {
	};
	objectVersion = 50;
	objects = {

/* Begin PBXBuildFile section */
		007CEF96247DB68A009F5402 /* AppDelegate.swift in Sources */ = {isa = PBXBuildFile; fileRef = 007CEF95247DB68A009F5402 /* AppDelegate.swift */; };
		007CEF98247DB68A009F5402 /* GameScene.sks in Resources */ = {isa = PBXBuildFile; fileRef = 007CEF97247DB68A009F5402 /* GameScene.sks */; };
		007CEF9A247DB68A009F5402 /* Actions.sks in Resources */ = {isa = PBXBuildFile; fileRef = 007CEF99247DB68A009F5402 /* Actions.sks */; };
		007CEF9C247DB68A009F5402 /* GameScene.swift in Sources */ = {isa = PBXBuildFile; fileRef = 007CEF9B247DB68A009F5402 /* GameScene.swift */; };
		007CEF9E247DB68A009F5402 /* GameViewController.swift in Sources */ = {isa = PBXBuildFile; fileRef = 007CEF9D247DB68A009F5402 /* GameViewController.swift */; };
		007CEFA1247DB68A009F5402 /* Main.storyboard in Resources */ = {isa = PBXBuildFile; fileRef = 007CEF9F247DB68A009F5402 /* Main.storyboard */; };
		007CEFA3247DB68B009F5402 /* Assets.xcassets in Resources */ = {isa = PBXBuildFile; fileRef = 007CEFA2247DB68B009F5402 /* Assets.xcassets */; };
		007CEFA6247DB68B009F5402 /* LaunchScreen.storyboard in Resources */ = {isa = PBXBuildFile; fileRef = 007CEFA4247DB68B009F5402 /* LaunchScreen.storyboard */; };
		007CEFAE247DD11E009F5402 /* AnalogStick.swift in Sources */ = {isa = PBXBuildFile; fileRef = 007CEFAD247DD11E009F5402 /* AnalogStick.swift */; };
/* End PBXBuildFile section */

/* Begin PBXFileReference section */
		007CEF92247DB68A009F5402 /* Jumper.app */ = {isa = PBXFileReference; explicitFileType = wrapper.application; includeInIndex = 0; path = Jumper.app; sourceTree = BUILT_PRODUCTS_DIR; };
		007CEF95247DB68A009F5402 /* AppDelegate.swift */ = {isa = PBXFileReference; lastKnownFileType = sourcecode.swift; path = AppDelegate.swift; sourceTree = "<group>"; };
		007CEF97247DB68A009F5402 /* GameScene.sks */ = {isa = PBXFileReference; lastKnownFileType = file.sks; path = GameScene.sks; sourceTree = "<group>"; };
		007CEF99247DB68A009F5402 /* Actions.sks */ = {isa = PBXFileReference; lastKnownFileType = file.sks; path = Actions.sks; sourceTree = "<group>"; };
		007CEF9B247DB68A009F5402 /* GameScene.swift */ = {isa = PBXFileReference; lastKnownFileType = sourcecode.swift; path = GameScene.swift; sourceTree = "<group>"; };
		007CEF9D247DB68A009F5402 /* GameViewController.swift */ = {isa = PBXFileReference; lastKnownFileType = sourcecode.swift; path = GameViewController.swift; sourceTree = "<group>"; };
		007CEFA0247DB68A009F5402 /* Base */ = {isa = PBXFileReference; lastKnownFileType = file.storyboard; name = Base; path = Base.lproj/Main.storyboard; sourceTree = "<group>"; };
		007CEFA2247DB68B009F5402 /* Assets.xcassets */ = {isa = PBXFileReference; lastKnownFileType = folder.assetcatalog; path = Assets.xcassets; sourceTree = "<group>"; };
		007CEFA5247DB68B009F5402 /* Base */ = {isa = PBXFileReference; lastKnownFileType = file.storyboard; name = Base; path = Base.lproj/LaunchScreen.storyboard; sourceTree = "<group>"; };
		007CEFA7247DB68B009F5402 /* Info.plist */ = {isa = PBXFileReference; lastKnownFileType = text.plist.xml; path = Info.plist; sourceTree = "<group>"; };
		007CEFAD247DD11E009F5402 /* AnalogStick.swift */ = {isa = PBXFileReference; lastKnownFileType = sourcecode.swift; path = AnalogStick.swift; sourceTree = "<group>"; };
/* End PBXFileReference section */

/* Begin PBXFrameworksBuildPhase section */
		007CEF8F247DB68A009F5402 /* Frameworks */ = {
			isa = PBXFrameworksBuildPhase;
			buildActionMask = 2147483647;
			files = (
			);
			runOnlyForDeploymentPostprocessing = 0;
		};
/* End PBXFrameworksBuildPhase section */

/* Begin PBXGroup section */
		007CEF89247DB68A009F5402 = {
			isa = PBXGroup;
			children = (
				007CEF94247DB68A009F5402 /* Jumper */,
				007CEF93247DB68A009F5402 /* Products */,
			);
			sourceTree = "<group>";
		};
		007CEF93247DB68A009F5402 /* Products */ = {
			isa = PBXGroup;
			children = (
				007CEF92247DB68A009F5402 /* Jumper.app */,
			);
			name = Products;
			sourceTree = "<group>";
		};
		007CEF94247DB68A009F5402 /* Jumper */ = {
			isa = PBXGroup;
			children = (
				007CEF95247DB68A009F5402 /* AppDelegate.swift */,
				007CEF97247DB68A009F5402 /* GameScene.sks */,
				007CEF99247DB68A009F5402 /* Actions.sks */,
				007CEF9B247DB68A009F5402 /* GameScene.swift */,
				007CEF9D247DB68A009F5402 /* GameViewController.swift */,
				007CEF9F247DB68A009F5402 /* Main.storyboard */,
				007CEFA2247DB68B009F5402 /* Assets.xcassets */,
				007CEFA4247DB68B009F5402 /* LaunchScreen.storyboard */,
				007CEFA7247DB68B009F5402 /* Info.plist */,
				007CEFAD247DD11E009F5402 /* AnalogStick.swift */,
			);
			path = Jumper;
			sourceTree = "<group>";
		};
/* End PBXGroup section */

/* Begin PBXNativeTarget section */
		007CEF91247DB68A009F5402 /* Jumper */ = {
			isa = PBXNativeTarget;
			buildConfigurationList = 007CEFAA247DB68B009F5402 /* Build configuration list for PBXNativeTarget "Jumper" */;
			buildPhases = (
				007CEF8E247DB68A009F5402 /* Sources */,
				007CEF8F247DB68A009F5402 /* Frameworks */,
				007CEF90247DB68A009F5402 /* Resources */,
			);
			buildRules = (
			);
			dependencies = (
			);
			name = Jumper;
			productName = Jumper;
			productReference = 007CEF92247DB68A009F5402 /* Jumper.app */;
			productType = "com.apple.product-type.application";
		};
/* End PBXNativeTarget section */

/* Begin PBXProject section */
		007CEF8A247DB68A009F5402 /* Project object */ = {
			isa = PBXProject;
			attributes = {
				LastSwiftUpdateCheck = 1150;
				LastUpgradeCheck = 1150;
				ORGANIZATIONNAME = BMCC;
				TargetAttributes = {
					007CEF91247DB68A009F5402 = {
						CreatedOnToolsVersion = 11.5;
					};
				};
			};
			buildConfigurationList = 007CEF8D247DB68A009F5402 /* Build configuration list for PBXProject "Jumper" */;
			compatibilityVersion = "Xcode 9.3";
			developmentRegion = en;
			hasScannedForEncodings = 0;
			knownRegions = (
				en,
				Base,
			);
			mainGroup = 007CEF89247DB68A009F5402;
			productRefGroup = 007CEF93247DB68A009F5402 /* Products */;
			projectDirPath = "";
			projectRoot = "";
			targets = (
				007CEF91247DB68A009F5402 /* Jumper */,
			);
		};
/* End PBXProject section */

/* Begin PBXResourcesBuildPhase section */
		007CEF90247DB68A009F5402 /* Resources */ = {
			isa = PBXResourcesBuildPhase;
			buildActionMask = 2147483647;
			files = (
				007CEFA1247DB68A009F5402 /* Main.storyboard in Resources */,
				007CEF98247DB68A009F5402 /* GameScene.sks in Resources */,
				007CEFA3247DB68B009F5402 /* Assets.xcassets in Resources */,
				007CEFA6247DB68B009F5402 /* LaunchScreen.storyboard in Resources */,
				007CEF9A247DB68A009F5402 /* Actions.sks in Resources */,
			);
			runOnlyForDeploymentPostprocessing = 0;
		};
/* End PBXResourcesBuildPhase section */

/* Begin PBXSourcesBuildPhase section */
		007CEF8E247DB68A009F5402 /* Sources */ = {
			isa = PBXSourcesBuildPhase;
			buildActionMask = 2147483647;
			files = (
				007CEFAE247DD11E009F5402 /* AnalogStick.swift in Sources */,
				007CEF9C247DB68A009F5402 /* GameScene.swift in Sources */,
				007CEF9E247DB68A009F5402 /* GameViewController.swift in Sources */,
				007CEF96247DB68A009F5402 /* AppDelegate.swift in Sources */,
			);
			runOnlyForDeploymentPostprocessing = 0;
		};
/* End PBXSourcesBuildPhase section */

/* Begin PBXVariantGroup section */
		007CEF9F247DB68A009F5402 /* Main.storyboard */ = {
			isa = PBXVariantGroup;
			children = (
				007CEFA0247DB68A009F5402 /* Base */,
			);
			name = Main.storyboard;
			sourceTree = "<group>";
		};
		007CEFA4247DB68B009F5402 /* LaunchScreen.storyboard */ = {
			isa = PBXVariantGroup;
			children = (
				007CEFA5247DB68B009F5402 /* Base */,
			);
			name = LaunchScreen.storyboard;
			sourceTree = "<group>";
		};
/* End PBXVariantGroup section */

/* Begin XCBuildConfiguration section */
		007CEFA8247DB68B009F5402 /* Debug */ = {
			isa = XCBuildConfiguration;
			buildSettings = {
				ALWAYS_SEARCH_USER_PATHS = NO;
				CLANG_ANALYZER_NONNULL = YES;
				CLANG_ANALYZER_NUMBER_OBJECT_CONVERSION = YES_AGGRESSIVE;
				CLANG_CXX_LANGUAGE_STANDARD = "gnu++14";
				CLANG_CXX_LIBRARY = "libc++";
				CLANG_ENABLE_MODULES = YES;
				CLANG_ENABLE_OBJC_ARC = YES;
				CLANG_ENABLE_OBJC_WEAK = YES;
				CLANG_WARN_BLOCK_CAPTURE_AUTORELEASING = YES;
				CLANG_WARN_BOOL_CONVERSION = YES;
				CLANG_WARN_COMMA = YES;
				CLANG_WARN_CONSTANT_CONVERSION = YES;
				CLANG_WARN_DEPRECATED_OBJC_IMPLEMENTATIONS = YES;
				CLANG_WARN_DIRECT_OBJC_ISA_USAGE = YES_ERROR;
				CLANG_WARN_DOCUMENTATION_COMMENTS = YES;
				CLANG_WARN_EMPTY_BODY = YES;
				CLANG_WARN_ENUM_CONVERSION = YES;
				CLANG_WARN_INFINITE_RECURSION = YES;
				CLANG_WARN_INT_CONVERSION = YES;
				CLANG_WARN_NON_LITERAL_NULL_CONVERSION = YES;
				CLANG_WARN_OBJC_IMPLICIT_RETAIN_SELF = YES;
				CLANG_WARN_OBJC_LITERAL_CONVERSION = YES;
				CLANG_WARN_OBJC_ROOT_CLASS = YES_ERROR;
				CLANG_WARN_RANGE_LOOP_ANALYSIS = YES;
				CLANG_WARN_STRICT_PROTOTYPES = YES;
				CLANG_WARN_SUSPICIOUS_MOVE = YES;
				CLANG_WARN_UNGUARDED_AVAILABILITY = YES_AGGRESSIVE;
				CLANG_WARN_UNREACHABLE_CODE = YES;
				CLANG_WARN__DUPLICATE_METHOD_MATCH = YES;
				COPY_PHASE_STRIP = NO;
				DEBUG_INFORMATION_FORMAT = dwarf;
				ENABLE_STRICT_OBJC_MSGSEND = YES;
				ENABLE_TESTABILITY = YES;
				GCC_C_LANGUAGE_STANDARD = gnu11;
				GCC_DYNAMIC_NO_PIC = NO;
				GCC_NO_COMMON_BLOCKS = YES;
				GCC_OPTIMIZATION_LEVEL = 0;
				GCC_PREPROCESSOR_DEFINITIONS = (
					"DEBUG=1",
					"$(inherited)",
				);
				GCC_WARN_64_TO_32_BIT_CONVERSION = YES;
				GCC_WARN_ABOUT_RETURN_TYPE = YES_ERROR;
				GCC_WARN_UNDECLARED_SELECTOR = YES;
				GCC_WARN_UNINITIALIZED_AUTOS = YES_AGGRESSIVE;
				GCC_WARN_UNUSED_FUNCTION = YES;
				GCC_WARN_UNUSED_VARIABLE = YES;
				IPHONEOS_DEPLOYMENT_TARGET = 13.5;
				MTL_ENABLE_DEBUG_INFO = INCLUDE_SOURCE;
				MTL_FAST_MATH = YES;
				ONLY_ACTIVE_ARCH = YES;
				SDKROOT = iphoneos;
				SWIFT_ACTIVE_COMPILATION_CONDITIONS = DEBUG;
				SWIFT_OPTIMIZATION_LEVEL = "-Onone";
			};
			name = Debug;
		};
		007CEFA9247DB68B009F5402 /* Release */ = {
			isa = XCBuildConfiguration;
			buildSettings = {
				ALWAYS_SEARCH_USER_PATHS = NO;
				CLANG_ANALYZER_NONNULL = YES;
				CLANG_ANALYZER_NUMBER_OBJECT_CONVERSION = YES_AGGRESSIVE;
				CLANG_CXX_LANGUAGE_STANDARD = "gnu++14";
				CLANG_CXX_LIBRARY = "libc++";
				CLANG_ENABLE_MODULES = YES;
				CLANG_ENABLE_OBJC_ARC = YES;
				CLANG_ENABLE_OBJC_WEAK = YES;
				CLANG_WARN_BLOCK_CAPTURE_AUTORELEASING = YES;
				CLANG_WARN_BOOL_CONVERSION = YES;
				CLANG_WARN_COMMA = YES;
				CLANG_WARN_CONSTANT_CONVERSION = YES;
				CLANG_WARN_DEPRECATED_OBJC_IMPLEMENTATIONS = YES;
				CLANG_WARN_DIRECT_OBJC_ISA_USAGE = YES_ERROR;
				CLANG_WARN_DOCUMENTATION_COMMENTS = YES;
				CLANG_WARN_EMPTY_BODY = YES;
				CLANG_WARN_ENUM_CONVERSION = YES;
				CLANG_WARN_INFINITE_RECURSION = YES;
				CLANG_WARN_INT_CONVERSION = YES;
				CLANG_WARN_NON_LITERAL_NULL_CONVERSION = YES;
				CLANG_WARN_OBJC_IMPLICIT_RETAIN_SELF = YES;
				CLANG_WARN_OBJC_LITERAL_CONVERSION = YES;
				CLANG_WARN_OBJC_ROOT_CLASS = YES_ERROR;
				CLANG_WARN_RANGE_LOOP_ANALYSIS = YES;
				CLANG_WARN_STRICT_PROTOTYPES = YES;
				CLANG_WARN_SUSPICIOUS_MOVE = YES;
				CLANG_WARN_UNGUARDED_AVAILABILITY = YES_AGGRESSIVE;
				CLANG_WARN_UNREACHABLE_CODE = YES;
				CLANG_WARN__DUPLICATE_METHOD_MATCH = YES;
				COPY_PHASE_STRIP = NO;
				DEBUG_INFORMATION_FORMAT = "dwarf-with-dsym";
				ENABLE_NS_ASSERTIONS = NO;
				ENABLE_STRICT_OBJC_MSGSEND = YES;
				GCC_C_LANGUAGE_STANDARD = gnu11;
				GCC_NO_COMMON_BLOCKS = YES;
				GCC_WARN_64_TO_32_BIT_CONVERSION = YES;
				GCC_WARN_ABOUT_RETURN_TYPE = YES_ERROR;
				GCC_WARN_UNDECLARED_SELECTOR = YES;
				GCC_WARN_UNINITIALIZED_AUTOS = YES_AGGRESSIVE;
				GCC_WARN_UNUSED_FUNCTION = YES;
				GCC_WARN_UNUSED_VARIABLE = YES;
				IPHONEOS_DEPLOYMENT_TARGET = 13.5;
				MTL_ENABLE_DEBUG_INFO = NO;
				MTL_FAST_MATH = YES;
				SDKROOT = iphoneos;
				SWIFT_COMPILATION_MODE = wholemodule;
				SWIFT_OPTIMIZATION_LEVEL = "-O";
				VALIDATE_PRODUCT = YES;
			};
			name = Release;
		};
		007CEFAB247DB68B009F5402 /* Debug */ = {
			isa = XCBuildConfiguration;
			buildSettings = {
				ASSETCATALOG_COMPILER_APPICON_NAME = AppIcon;
				CODE_SIGN_STYLE = Automatic;
				DEVELOPMENT_TEAM = UH2SK354J5;
				INFOPLIST_FILE = Jumper/Info.plist;
				IPHONEOS_DEPLOYMENT_TARGET = 13.0;
				LD_RUNPATH_SEARCH_PATHS = (
					"$(inherited)",
					"@executable_path/Frameworks",
				);
				PRODUCT_BUNDLE_IDENTIFIER = edu.cuny.bmcc.Jumper;
				PRODUCT_NAME = "$(TARGET_NAME)";
				SWIFT_VERSION = 5.0;
				TARGETED_DEVICE_FAMILY = 2;
			};
			name = Debug;
		};
		007CEFAC247DB68B009F5402 /* Release */ = {
			isa = XCBuildConfiguration;
			buildSettings = {
				ASSETCATALOG_COMPILER_APPICON_NAME = AppIcon;
				CODE_SIGN_STYLE = Automatic;
				DEVELOPMENT_TEAM = UH2SK354J5;
				INFOPLIST_FILE = Jumper/Info.plist;
				IPHONEOS_DEPLOYMENT_TARGET = 13.0;
				LD_RUNPATH_SEARCH_PATHS = (
					"$(inherited)",
					"@executable_path/Frameworks",
				);
				PRODUCT_BUNDLE_IDENTIFIER = edu.cuny.bmcc.Jumper;
				PRODUCT_NAME = "$(TARGET_NAME)";
				SWIFT_VERSION = 5.0;
				TARGETED_DEVICE_FAMILY = 2;
			};
			name = Release;
		};
/* End XCBuildConfiguration section */

/* Begin XCConfigurationList section */
		007CEF8D247DB68A009F5402 /* Build configuration list for PBXProject "Jumper" */ = {
			isa = XCConfigurationList;
			buildConfigurations = (
				007CEFA8247DB68B009F5402 /* Debug */,
				007CEFA9247DB68B009F5402 /* Release */,
			);
			defaultConfigurationIsVisible = 0;
			defaultConfigurationName = Release;
		};
		007CEFAA247DB68B009F5402 /* Build configuration list for PBXNativeTarget "Jumper" */ = {
			isa = XCConfigurationList;
			buildConfigurations = (
				007CEFAB247DB68B009F5402 /* Debug */,
				007CEFAC247DB68B009F5402 /* Release */,
			);
			defaultConfigurationIsVisible = 0;
			defaultConfigurationName = Release;
		};
/* End XCConfigurationList section */
	};
	rootObject = 007CEF8A247DB68A009F5402 /* Project object */;
}
